<?xml version="1.0" encoding="utf-8"?>
<Project ToolsVersion="16.0" xmlns="http://schemas.microsoft.com/developer/msbuild/2003">
  <ItemGroup>
    <ClCompile Include="C:\Repository\varjo-sdk\examples\ChromaKeyExample\src\main.cpp">
      <Filter>Source Files</Filter>
    </ClCompile>
    <ClCompile Include="C:\Repository\varjo-sdk\examples\Common\CameraManager.cpp">
      <Filter>Common</Filter>
    </ClCompile>
    <ClCompile Include="C:\Repository\varjo-sdk\examples\Common\ChromaKeyManager.cpp">
      <Filter>Common</Filter>
    </ClCompile>
    <ClCompile Include="C:\Repository\varjo-sdk\examples\Common\D3D11MultiLayerView.cpp">
      <Filter>Common</Filter>
    </ClCompile>
    <ClCompile Include="C:\Repository\varjo-sdk\examples\Common\D3D11Renderer.cpp">
      <Filter>Common</Filter>
    </ClCompile>
    <ClCompile Include="C:\Repository\varjo-sdk\examples\Common\D3D11Shaders.cpp">
      <Filter>Common</Filter>
    </ClCompile>
    <ClCompile Include="C:\Repository\varjo-sdk\examples\Common\Globals.cpp">
      <Filter>Common</Filter>
    </ClCompile>
    <ClCompile Include="C:\Repository\varjo-sdk\examples\Common\MultiLayerView.cpp">
      <Filter>Common</Filter>
    </ClCompile>
    <ClCompile Include="C:\Repository\varjo-sdk\examples\Common\Renderer.cpp">
      <Filter>Common</Filter>
    </ClCompile>
    <ClCompile Include="C:\Repository\varjo-sdk\examples\Common\Scene.cpp">
      <Filter>Common</Filter>
    </ClCompile>
    <ClCompile Include="C:\Repository\varjo-sdk\examples\Common\SyncView.cpp">
      <Filter>Common</Filter>
    </ClCompile>
  </ItemGroup>
  <ItemGroup>
    <ClInclude Include="C:\Repository\varjo-sdk\examples\Common\CameraManager.hpp">
      <Filter>Common</Filter>
    </ClInclude>
    <ClInclude Include="C:\Repository\varjo-sdk\examples\Common\ChromaKeyManager.hpp">
      <Filter>Common</Filter>
    </ClInclude>
    <ClInclude Include="C:\Repository\varjo-sdk\examples\Common\D3D11MultiLayerView.hpp">
      <Filter>Common</Filter>
    </ClInclude>
    <ClInclude Include="C:\Repository\varjo-sdk\examples\Common\D3D11Renderer.hpp">
      <Filter>Common</Filter>
    </ClInclude>
    <ClInclude Include="C:\Repository\varjo-sdk\examples\Common\D3D11Shaders.hpp">
      <Filter>Common</Filter>
    </ClInclude>
    <ClInclude Include="C:\Repository\varjo-sdk\examples\Common\ExampleShaders.hpp">
      <Filter>Common</Filter>
    </ClInclude>
    <ClInclude Include="C:\Repository\varjo-sdk\examples\Common\Globals.hpp">
      <Filter>Common</Filter>
    </ClInclude>
    <ClInclude Include="C:\Repository\varjo-sdk\examples\Common\MultiLayerView.hpp">
      <Filter>Common</Filter>
    </ClInclude>
    <ClInclude Include="C:\Repository\varjo-sdk\examples\Common\Renderer.hpp">
      <Filter>Common</Filter>
    </ClInclude>
    <ClInclude Include="C:\Repository\varjo-sdk\examples\Common\Scene.hpp">
      <Filter>Common</Filter>
    </ClInclude>
    <ClInclude Include="C:\Repository\varjo-sdk\examples\Common\SyncView.hpp">
      <Filter>Common</Filter>
    </ClInclude>
  </ItemGroup>
  <ItemGroup>
    <CustomBuild Include="C:\Repository\varjo-sdk\examples\ChromaKeyExample\CMakeLists.txt" />
  </ItemGroup>
  <ItemGroup>
    <Filter Include="Common">
      <UniqueIdentifier>{60AE327E-EA87-3F77-8372-7104316D897A}</UniqueIdentifier>
    </Filter>
    <Filter Include="Source Files">
      <UniqueIdentifier>{EA82F094-D915-3F6E-BC1F-73B8A95B2979}</UniqueIdentifier>
    </Filter>
  </ItemGroup>
</Project>
