
Microsoft Visual Studio Solution File, Format Version 12.00
# Visual Studio Version 16
Project("{2150E333-8FDC-42A3-9474-1A3956D46DE8}") = "CMakePredefinedTargets", "CMakePredefinedTargets", "{026CCBCF-9C13-3E30-856B-1C668524BAAB}"
EndProject
Project("{2150E333-8FDC-42A3-9474-1A3956D46DE8}") = "Examples", "Examples", "{808BF7F1-AED1-3FF5-B4BE-540671FB18AA}"
EndProject
Project("{8BC9CEB8-8B4A-11D0-8D11-00A0C91BC942}") = "ALL_BUILD", "ALL_BUILD.vcxproj", "{0E934F68-B1FB-3F54-9233-ED256C46E53D}"
	ProjectSection(ProjectDependencies) = postProject
		{E0285089-AB11-362B-A799-F323356862C6} = {E0285089-AB11-362B-A799-F323356862C6}
		{6896E866-FDC5-3638-996F-23FF9BA0A8FA} = {6896E866-FDC5-3638-996F-23FF9BA0A8FA}
		{6868532A-AC74-3DBD-B6D3-06E7A23BC07F} = {6868532A-AC74-3DBD-B6D3-06E7A23BC07F}
		{B14FBAE0-2A49-3FCA-AE64-2CD821171001} = {B14FBAE0-2A49-3FCA-AE64-2CD821171001}
		{BC79CFF9-5E6F-35FC-BB75-8FE7E2B05B88} = {BC79CFF9-5E6F-35FC-BB75-8FE7E2B05B88}
		{2C1768D8-2679-3E41-A1AC-3B9C3448A745} = {2C1768D8-2679-3E41-A1AC-3B9C3448A745}
		{B56B06DE-8A8D-3AF1-9017-CCD9900BCA9B} = {B56B06DE-8A8D-3AF1-9017-CCD9900BCA9B}
		{CC99152B-6940-32D8-9BA2-96783E4215EE} = {CC99152B-6940-32D8-9BA2-96783E4215EE}
		{E85AE56E-1563-3DCF-809D-B45F163C26FC} = {E85AE56E-1563-3DCF-809D-B45F163C26FC}
	EndProjectSection
EndProject
Project("{8BC9CEB8-8B4A-11D0-8D11-00A0C91BC942}") = "Benchmark", "Benchmark\Benchmark.vcxproj", "{E0285089-AB11-362B-A799-F323356862C6}"
	ProjectSection(ProjectDependencies) = postProject
		{CC99152B-6940-32D8-9BA2-96783E4215EE} = {CC99152B-6940-32D8-9BA2-96783E4215EE}
		{E85AE56E-1563-3DCF-809D-B45F163C26FC} = {E85AE56E-1563-3DCF-809D-B45F163C26FC}
	EndProjectSection
EndProject
Project("{8BC9CEB8-8B4A-11D0-8D11-00A0C91BC942}") = "ChromaKeyExample", "ChromaKeyExample\ChromaKeyExample.vcxproj", "{6896E866-FDC5-3638-996F-23FF9BA0A8FA}"
	ProjectSection(ProjectDependencies) = postProject
		{CC99152B-6940-32D8-9BA2-96783E4215EE} = {CC99152B-6940-32D8-9BA2-96783E4215EE}
		{E85AE56E-1563-3DCF-809D-B45F163C26FC} = {E85AE56E-1563-3DCF-809D-B45F163C26FC}
	EndProjectSection
EndProject
Project("{8BC9CEB8-8B4A-11D0-8D11-00A0C91BC942}") = "EyeCameraStreamExample", "EyeCameraStreamExample\EyeCameraStreamExample.vcxproj", "{6868532A-AC74-3DBD-B6D3-06E7A23BC07F}"
	ProjectSection(ProjectDependencies) = postProject
		{CC99152B-6940-32D8-9BA2-96783E4215EE} = {CC99152B-6940-32D8-9BA2-96783E4215EE}
		{E85AE56E-1563-3DCF-809D-B45F163C26FC} = {E85AE56E-1563-3DCF-809D-B45F163C26FC}
	EndProjectSection
EndProject
Project("{8BC9CEB8-8B4A-11D0-8D11-00A0C91BC942}") = "GazeTrackingExample", "GazeTrackingExample\GazeTrackingExample.vcxproj", "{B14FBAE0-2A49-3FCA-AE64-2CD821171001}"
	ProjectSection(ProjectDependencies) = postProject
		{CC99152B-6940-32D8-9BA2-96783E4215EE} = {CC99152B-6940-32D8-9BA2-96783E4215EE}
		{E85AE56E-1563-3DCF-809D-B45F163C26FC} = {E85AE56E-1563-3DCF-809D-B45F163C26FC}
	EndProjectSection
EndProject
Project("{8BC9CEB8-8B4A-11D0-8D11-00A0C91BC942}") = "MRExample", "MRExample\MRExample.vcxproj", "{BC79CFF9-5E6F-35FC-BB75-8FE7E2B05B88}"
	ProjectSection(ProjectDependencies) = postProject
		{CC99152B-6940-32D8-9BA2-96783E4215EE} = {CC99152B-6940-32D8-9BA2-96783E4215EE}
		{E85AE56E-1563-3DCF-809D-B45F163C26FC} = {E85AE56E-1563-3DCF-809D-B45F163C26FC}
	EndProjectSection
EndProject
Project("{8BC9CEB8-8B4A-11D0-8D11-00A0C91BC942}") = "MarkerExample", "MarkerExample\MarkerExample.vcxproj", "{2C1768D8-2679-3E41-A1AC-3B9C3448A745}"
	ProjectSection(ProjectDependencies) = postProject
		{CC99152B-6940-32D8-9BA2-96783E4215EE} = {CC99152B-6940-32D8-9BA2-96783E4215EE}
		{E85AE56E-1563-3DCF-809D-B45F163C26FC} = {E85AE56E-1563-3DCF-809D-B45F163C26FC}
	EndProjectSection
EndProject
Project("{8BC9CEB8-8B4A-11D0-8D11-00A0C91BC942}") = "MaskingTool", "MaskingTool\MaskingTool.vcxproj", "{B56B06DE-8A8D-3AF1-9017-CCD9900BCA9B}"
	ProjectSection(ProjectDependencies) = postProject
		{CC99152B-6940-32D8-9BA2-96783E4215EE} = {CC99152B-6940-32D8-9BA2-96783E4215EE}
		{E85AE56E-1563-3DCF-809D-B45F163C26FC} = {E85AE56E-1563-3DCF-809D-B45F163C26FC}
	EndProjectSection
EndProject
Project("{8BC9CEB8-8B4A-11D0-8D11-00A0C91BC942}") = "ZERO_CHECK", "ZERO_CHECK.vcxproj", "{CC99152B-6940-32D8-9BA2-96783E4215EE}"
	ProjectSection(ProjectDependencies) = postProject
	EndProjectSection
EndProject
Project("{8BC9CEB8-8B4A-11D0-8D11-00A0C91BC942}") = "copyLibs", "copyLibs.vcxproj", "{E85AE56E-1563-3DCF-809D-B45F163C26FC}"
	ProjectSection(ProjectDependencies) = postProject
		{CC99152B-6940-32D8-9BA2-96783E4215EE} = {CC99152B-6940-32D8-9BA2-96783E4215EE}
	EndProjectSection
EndProject
Global
	GlobalSection(SolutionConfigurationPlatforms) = preSolution
		Debug|x64 = Debug|x64
	EndGlobalSection
	GlobalSection(ProjectConfigurationPlatforms) = postSolution
		{0E934F68-B1FB-3F54-9233-ED256C46E53D}.Debug|x64.ActiveCfg = Debug|x64
		{E0285089-AB11-362B-A799-F323356862C6}.Debug|x64.ActiveCfg = Debug|x64
		{E0285089-AB11-362B-A799-F323356862C6}.Debug|x64.Build.0 = Debug|x64
		{6896E866-FDC5-3638-996F-23FF9BA0A8FA}.Debug|x64.ActiveCfg = Debug|x64
		{6896E866-FDC5-3638-996F-23FF9BA0A8FA}.Debug|x64.Build.0 = Debug|x64
		{6868532A-AC74-3DBD-B6D3-06E7A23BC07F}.Debug|x64.ActiveCfg = Debug|x64
		{6868532A-AC74-3DBD-B6D3-06E7A23BC07F}.Debug|x64.Build.0 = Debug|x64
		{B14FBAE0-2A49-3FCA-AE64-2CD821171001}.Debug|x64.ActiveCfg = Debug|x64
		{B14FBAE0-2A49-3FCA-AE64-2CD821171001}.Debug|x64.Build.0 = Debug|x64
		{BC79CFF9-5E6F-35FC-BB75-8FE7E2B05B88}.Debug|x64.ActiveCfg = Debug|x64
		{BC79CFF9-5E6F-35FC-BB75-8FE7E2B05B88}.Debug|x64.Build.0 = Debug|x64
		{2C1768D8-2679-3E41-A1AC-3B9C3448A745}.Debug|x64.ActiveCfg = Debug|x64
		{2C1768D8-2679-3E41-A1AC-3B9C3448A745}.Debug|x64.Build.0 = Debug|x64
		{B56B06DE-8A8D-3AF1-9017-CCD9900BCA9B}.Debug|x64.ActiveCfg = Debug|x64
		{B56B06DE-8A8D-3AF1-9017-CCD9900BCA9B}.Debug|x64.Build.0 = Debug|x64
		{CC99152B-6940-32D8-9BA2-96783E4215EE}.Debug|x64.ActiveCfg = Debug|x64
		{CC99152B-6940-32D8-9BA2-96783E4215EE}.Debug|x64.Build.0 = Debug|x64
		{E85AE56E-1563-3DCF-809D-B45F163C26FC}.Debug|x64.ActiveCfg = Debug|x64
		{E85AE56E-1563-3DCF-809D-B45F163C26FC}.Debug|x64.Build.0 = Debug|x64
	EndGlobalSection
	GlobalSection(NestedProjects) = preSolution
		{0E934F68-B1FB-3F54-9233-ED256C46E53D} = {026CCBCF-9C13-3E30-856B-1C668524BAAB}
		{CC99152B-6940-32D8-9BA2-96783E4215EE} = {026CCBCF-9C13-3E30-856B-1C668524BAAB}
		{E0285089-AB11-362B-A799-F323356862C6} = {808BF7F1-AED1-3FF5-B4BE-540671FB18AA}
		{6896E866-FDC5-3638-996F-23FF9BA0A8FA} = {808BF7F1-AED1-3FF5-B4BE-540671FB18AA}
		{6868532A-AC74-3DBD-B6D3-06E7A23BC07F} = {808BF7F1-AED1-3FF5-B4BE-540671FB18AA}
		{B14FBAE0-2A49-3FCA-AE64-2CD821171001} = {808BF7F1-AED1-3FF5-B4BE-540671FB18AA}
		{BC79CFF9-5E6F-35FC-BB75-8FE7E2B05B88} = {808BF7F1-AED1-3FF5-B4BE-540671FB18AA}
		{2C1768D8-2679-3E41-A1AC-3B9C3448A745} = {808BF7F1-AED1-3FF5-B4BE-540671FB18AA}
		{B56B06DE-8A8D-3AF1-9017-CCD9900BCA9B} = {808BF7F1-AED1-3FF5-B4BE-540671FB18AA}
	EndGlobalSection
	GlobalSection(ExtensibilityGlobals) = postSolution
		SolutionGuid = {6F02F436-AD78-3559-B651-1422287C86D2}
	EndGlobalSection
	GlobalSection(ExtensibilityAddIns) = postSolution
	EndGlobalSection
EndGlobal
