<?xml version="1.0" encoding="utf-8"?>
<Project ToolsVersion="16.0" xmlns="http://schemas.microsoft.com/developer/msbuild/2003">
  <ItemGroup>
    <ClCompile Include="C:\Repository\varjo-sdk\examples\GazeTrackingExample\src\Application.cpp">
      <Filter>Application</Filter>
    </ClCompile>
    <ClCompile Include="C:\Repository\varjo-sdk\examples\GazeTrackingExample\src\GazeTracking.cpp">
      <Filter>Application</Filter>
    </ClCompile>
    <ClCompile Include="C:\Repository\varjo-sdk\examples\GazeTrackingExample\src\UI.cpp">
      <Filter>Application</Filter>
    </ClCompile>
    <ClCompile Include="C:\Repository\varjo-sdk\examples\GazeTrackingExample\src\main.cpp">
      <Filter>Application</Filter>
    </ClCompile>
    <ClCompile Include="C:\Repository\varjo-sdk\examples\Common\Session.cpp">
      <Filter>Common</Filter>
    </ClCompile>
  </ItemGroup>
  <ItemGroup>
    <ClInclude Include="C:\Repository\varjo-sdk\examples\GazeTrackingExample\src\Application.hpp">
      <Filter>Application</Filter>
    </ClInclude>
    <ClInclude Include="C:\Repository\varjo-sdk\examples\GazeTrackingExample\src\Console.hpp">
      <Filter>Application</Filter>
    </ClInclude>
    <ClInclude Include="C:\Repository\varjo-sdk\examples\GazeTrackingExample\src\CsvWriter.hpp">
      <Filter>Application</Filter>
    </ClInclude>
    <ClInclude Include="C:\Repository\varjo-sdk\examples\GazeTrackingExample\src\GazeTracking.hpp">
      <Filter>Application</Filter>
    </ClInclude>
    <ClInclude Include="C:\Repository\varjo-sdk\examples\GazeTrackingExample\src\UI.hpp">
      <Filter>Application</Filter>
    </ClInclude>
    <ClInclude Include="C:\Repository\varjo-sdk\examples\Common\Session.hpp">
      <Filter>Common</Filter>
    </ClInclude>
  </ItemGroup>
  <ItemGroup>
    <CustomBuild Include="C:\Repository\varjo-sdk\examples\GazeTrackingExample\CMakeLists.txt" />
  </ItemGroup>
  <ItemGroup>
    <Filter Include="Application">
      <UniqueIdentifier>{5499289F-EBA8-3C04-9D01-806FCA1EBC36}</UniqueIdentifier>
    </Filter>
    <Filter Include="Common">
      <UniqueIdentifier>{60AE327E-EA87-3F77-8372-7104316D897A}</UniqueIdentifier>
    </Filter>
  </ItemGroup>
</Project>
